
Microsoft Visual Studio Solution File, Format Version 12.00
# Visual Studio Version 16
VisualStudioVersion = 16.0.29215.179
MinimumVisualStudioVersion = 10.0.40219.1
Project("{FAE04EC0-301F-11D3-BF4B-00C04F79EFBC}") = "DALayer", "ConsoleApplication\DALayer.csproj", "{22C117CE-6450-4572-969A-AF4A615284D5}"
EndProject
Project("{FAE04EC0-301F-11D3-BF4B-00C04F79EFBC}") = "BLLayer", "BLLayer\BLLayer.csproj", "{1050E13B-E4DB-483F-916B-A9019000D510}"
EndProject
Project("{FAE04EC0-301F-11D3-BF4B-00C04F79EFBC}") = "TicketSaleApp4RealNoVirus", "TicketSaleApp4RealNoVirus\TicketSaleApp4RealNoVirus.csproj", "{2B75EE73-DEC9-4B93-A730-57D231794B31}"
EndProject
Global
	GlobalSection(SolutionConfigurationPlatforms) = preSolution
		Debug|Any CPU = Debug|Any CPU
		Release|Any CPU = Release|Any CPU
	EndGlobalSection
	GlobalSection(ProjectConfigurationPlatforms) = postSolution
		{22C117CE-6450-4572-969A-AF4A615284D5}.Debug|Any CPU.ActiveCfg = Debug|Any CPU
		{22C117CE-6450-4572-969A-AF4A615284D5}.Debug|Any CPU.Build.0 = Debug|Any CPU
		{22C117CE-6450-4572-969A-AF4A615284D5}.Release|Any CPU.ActiveCfg = Release|Any CPU
		{22C117CE-6450-4572-969A-AF4A615284D5}.Release|Any CPU.Build.0 = Release|Any CPU
		{1050E13B-E4DB-483F-916B-A9019000D510}.Debug|Any CPU.ActiveCfg = Debug|Any CPU
		{1050E13B-E4DB-483F-916B-A9019000D510}.Debug|Any CPU.Build.0 = Debug|Any CPU
		{1050E13B-E4DB-483F-916B-A9019000D510}.Release|Any CPU.ActiveCfg = Release|Any CPU
		{1050E13B-E4DB-483F-916B-A9019000D510}.Release|Any CPU.Build.0 = Release|Any CPU
		{2B75EE73-DEC9-4B93-A730-57D231794B31}.Debug|Any CPU.ActiveCfg = Debug|Any CPU
		{2B75EE73-DEC9-4B93-A730-57D231794B31}.Debug|Any CPU.Build.0 = Debug|Any CPU
		{2B75EE73-DEC9-4B93-A730-57D231794B31}.Release|Any CPU.ActiveCfg = Release|Any CPU
		{2B75EE73-DEC9-4B93-A730-57D231794B31}.Release|Any CPU.Build.0 = Release|Any CPU
	EndGlobalSection
	GlobalSection(SolutionProperties) = preSolution
		HideSolutionNode = FALSE
	EndGlobalSection
	GlobalSection(ExtensibilityGlobals) = postSolution
		SolutionGuid = {F2AFBD69-09BA-4AE6-9194-5D971F3070DC}
	EndGlobalSection
EndGlobal
